
Microsoft Visual Studio Solution File, Format Version 12.00
# Visual Studio Version 17
VisualStudioVersion = 17.4.33122.133
MinimumVisualStudioVersion = 10.0.40219.1
Project("{FAE04EC0-301F-11D3-BF4B-00C04F79EFBC}") = "Flygsäkerhetsanalysverktyg", "Flygsäkerhetsanalysverktyg.csproj", "{21763AE9-2783-4BEC-A405-FFCB65243DEC}"
EndProject
Global
	GlobalSection(SolutionConfigurationPlatforms) = preSolution
		Debug|Any CPU = Debug|Any CPU
		Release|Any CPU = Release|Any CPU
	EndGlobalSection
	GlobalSection(ProjectConfigurationPlatforms) = postSolution
		{21763AE9-2783-4BEC-A405-FFCB65243DEC}.Debug|Any CPU.ActiveCfg = Debug|Any CPU
		{21763AE9-2783-4BEC-A405-FFCB65243DEC}.Debug|Any CPU.Build.0 = Debug|Any CPU
		{21763AE9-2783-4BEC-A405-FFCB65243DEC}.Release|Any CPU.ActiveCfg = Release|Any CPU
		{21763AE9-2783-4BEC-A405-FFCB65243DEC}.Release|Any CPU.Build.0 = Release|Any CPU
	EndGlobalSection
	GlobalSection(SolutionProperties) = preSolution
		HideSolutionNode = FALSE
	EndGlobalSection
	GlobalSection(ExtensibilityGlobals) = postSolution
		SolutionGuid = {A96CE22D-6DF6-42C7-B16B-6D659F54738C}
	EndGlobalSection
EndGlobal
